
Microsoft Visual Studio Solution File, Format Version 12.00
# Visual Studio 15
VisualStudioVersion = 15.0.27428.2037
MinimumVisualStudioVersion = 10.0.40219.1
Project("{00D1A9C2-B5F0-4AF3-8072-F6C62B433612}") = "Database", "Database\Database.sqlproj", "{ED2E412F-47C4-48AD-91C8-883D1CB6229F}"
EndProject
Project("{FAE04EC0-301F-11D3-BF4B-00C04F79EFBC}") = "API", "API\API.csproj", "{BD71A4AF-7CBE-4A99-B337-434C2AF08D8A}"
EndProject
Project("{FAE04EC0-301F-11D3-BF4B-00C04F79EFBC}") = "CrudGUI", "CrudGUI\CrudGUI.csproj", "{AEB2FC14-8C42-4437-AB02-9AB05967D3FF}"
EndProject
Global
	GlobalSection(SolutionConfigurationPlatforms) = preSolution
		Debug|Any CPU = Debug|Any CPU
		Release|Any CPU = Release|Any CPU
	EndGlobalSection
	GlobalSection(ProjectConfigurationPlatforms) = postSolution
		{ED2E412F-47C4-48AD-91C8-883D1CB6229F}.Debug|Any CPU.ActiveCfg = Debug|Any CPU
		{ED2E412F-47C4-48AD-91C8-883D1CB6229F}.Debug|Any CPU.Build.0 = Debug|Any CPU
		{ED2E412F-47C4-48AD-91C8-883D1CB6229F}.Debug|Any CPU.Deploy.0 = Debug|Any CPU
		{ED2E412F-47C4-48AD-91C8-883D1CB6229F}.Release|Any CPU.ActiveCfg = Release|Any CPU
		{ED2E412F-47C4-48AD-91C8-883D1CB6229F}.Release|Any CPU.Build.0 = Release|Any CPU
		{ED2E412F-47C4-48AD-91C8-883D1CB6229F}.Release|Any CPU.Deploy.0 = Release|Any CPU
		{BD71A4AF-7CBE-4A99-B337-434C2AF08D8A}.Debug|Any CPU.ActiveCfg = Debug|Any CPU
		{BD71A4AF-7CBE-4A99-B337-434C2AF08D8A}.Debug|Any CPU.Build.0 = Debug|Any CPU
		{BD71A4AF-7CBE-4A99-B337-434C2AF08D8A}.Release|Any CPU.ActiveCfg = Release|Any CPU
		{BD71A4AF-7CBE-4A99-B337-434C2AF08D8A}.Release|Any CPU.Build.0 = Release|Any CPU
		{AEB2FC14-8C42-4437-AB02-9AB05967D3FF}.Debug|Any CPU.ActiveCfg = Debug|Any CPU
		{AEB2FC14-8C42-4437-AB02-9AB05967D3FF}.Debug|Any CPU.Build.0 = Debug|Any CPU
		{AEB2FC14-8C42-4437-AB02-9AB05967D3FF}.Release|Any CPU.ActiveCfg = Release|Any CPU
		{AEB2FC14-8C42-4437-AB02-9AB05967D3FF}.Release|Any CPU.Build.0 = Release|Any CPU
	EndGlobalSection
	GlobalSection(SolutionProperties) = preSolution
		HideSolutionNode = FALSE
	EndGlobalSection
	GlobalSection(ExtensibilityGlobals) = postSolution
		SolutionGuid = {FCFDAA26-7BA6-4FA2-A550-4297FB241C36}
	EndGlobalSection
EndGlobal
